
Microsoft Visual Studio Solution File, Format Version 12.00
Project("{FAE04EC0-301F-11D3-BF4B-00C04F79EFBC}") = "Web_Franco", "Web_Franco\Web_Franco.csproj", "{41C96B61-A344-450B-9FB0-CB7C1B534C8E}"
EndProject
Global
	GlobalSection(SolutionConfigurationPlatforms) = preSolution
		Debug|Any CPU = Debug|Any CPU
		Release|Any CPU = Release|Any CPU
	EndGlobalSection
	GlobalSection(ProjectConfigurationPlatforms) = postSolution
		{41C96B61-A344-450B-9FB0-CB7C1B534C8E}.Debug|Any CPU.ActiveCfg = Debug|Any CPU
		{41C96B61-A344-450B-9FB0-CB7C1B534C8E}.Debug|Any CPU.Build.0 = Debug|Any CPU
		{41C96B61-A344-450B-9FB0-CB7C1B534C8E}.Release|Any CPU.ActiveCfg = Release|Any CPU
		{41C96B61-A344-450B-9FB0-CB7C1B534C8E}.Release|Any CPU.Build.0 = Release|Any CPU
	EndGlobalSection
EndGlobal
